{
  "name": "ajs--platforms2",
  "version": "1.0.0",
  "lockfileVersion": 1,
  "requires": true,
  "dependencies": {
    "@davmarat/ajs": {
      "version": "1.0.0",
      "resolved": "https://npm.pkg.github.com/download/@davmarat/ajs/1.0.0/09e5db179b654c29fe6b47bff98fd328dc43061a2952b61d966f4390c0e5620c",
      "integrity": "sha512-z5mxvV9DPn7nXuDwe49Pu/fNcXpwPaePRfdP+0IFMG+Q6GajuQ7FmDSKBa4AMpTxUCCxTPqXg3ZGQzJr4bLaHw=="
    }
  }
}
